// !$*UTF8*$!
{
	archiveVersion = 1;
	classes = {
	};
	objectVersion = 46;
	objects = {

/* Begin PBXBuildFile section */
		049FCFB71D43B90400C11E32 /* main.m in Sources */ = {isa = PBXBuildFile; fileRef = 049FCFB61D43B90400C11E32 /* main.m */; };
		049FCFBA1D43B90400C11E32 /* AppDelegate.m in Sources */ = {isa = PBXBuildFile; fileRef = 049FCFB91D43B90400C11E32 /* AppDelegate.m */; };
		049FCFBD1D43B90400C11E32 /* ViewController.m in Sources */ = {isa = PBXBuildFile; fileRef = 049FCFBC1D43B90400C11E32 /* ViewController.m */; };
		049FCFC21D43B90400C11E32 /* Assets.xcassets in Resources */ = {isa = PBXBuildFile; fileRef = 049FCFC11D43B90400C11E32 /* Assets.xcassets */; };
		049FCFC51D43B90400C11E32 /* LaunchScreen.storyboard in Resources */ = {isa = PBXBuildFile; fileRef = 049FCFC31D43B90400C11E32 /* LaunchScreen.storyboard */; };
/* End PBXBuildFile section */

/* Begin PBXFileReference section */
		049FCFB21D43B90400C11E32 /* gcd_demo.app */ = {isa = PBXFileReference; explicitFileType = wrapper.application; includeInIndex = 0; path = gcd_demo.app; sourceTree = BUILT_PRODUCTS_DIR; };
		049FCFB61D43B90400C11E32 /* main.m */ = {isa = PBXFileReference; lastKnownFileType = sourcecode.c.objc; path = main.m; sourceTree = "<group>"; };
		049FCFB81D43B90400C11E32 /* AppDelegate.h */ = {isa = PBXFileReference; lastKnownFileType = sourcecode.c.h; path = AppDelegate.h; sourceTree = "<group>"; };
		049FCFB91D43B90400C11E32 /* AppDelegate.m */ = {isa = PBXFileReference; lastKnownFileType = sourcecode.c.objc; path = AppDelegate.m; sourceTree = "<group>"; };
		049FCFBB1D43B90400C11E32 /* ViewController.h */ = {isa = PBXFileReference; lastKnownFileType = sourcecode.c.h; path = ViewController.h; sourceTree = "<group>"; };
		049FCFBC1D43B90400C11E32 /* ViewController.m */ = {isa = PBXFileReference; lastKnownFileType = sourcecode.c.objc; path = ViewController.m; sourceTree = "<group>"; };
		049FCFC11D43B90400C11E32 /* Assets.xcassets */ = {isa = PBXFileReference; lastKnownFileType = folder.assetcatalog; path = Assets.xcassets; sourceTree = "<group>"; };
		049FCFC41D43B90400C11E32 /* Base */ = {isa = PBXFileReference; lastKnownFileType = file.storyboard; name = Base; path = Base.lproj/LaunchScreen.storyboard; sourceTree = "<group>"; };
		049FCFC61D43B90400C11E32 /* Info.plist */ = {isa = PBXFileReference; lastKnownFileType = text.plist.xml; path = Info.plist; sourceTree = "<group>"; };
/* End PBXFileReference section */

/* Begin PBXFrameworksBuildPhase section */
		049FCFAF1D43B90400C11E32 /* Frameworks */ = {
			isa = PBXFrameworksBuildPhase;
			buildActionMask = 2147483647;
			files = (
			);
			runOnlyForDeploymentPostprocessing = 0;
		};
/* End PBXFrameworksBuildPhase section */

/* Begin PBXGroup section */
		049FCFA91D43B90400C11E32 = {
			isa = PBXGroup;
			children = (
				049FCFB41D43B90400C11E32 /* gcd_demo */,
				049FCFB31D43B90400C11E32 /* Products */,
			);
			sourceTree = "<group>";
		};
		049FCFB31D43B90400C11E32 /* Products */ = {
			isa = PBXGroup;
			children = (
				049FCFB21D43B90400C11E32 /* gcd_demo.app */,
			);
			name = Products;
			sourceTree = "<group>";
		};
		049FCFB41D43B90400C11E32 /* gcd_demo */ = {
			isa = PBXGroup;
			children = (
				049FCFB81D43B90400C11E32 /* AppDelegate.h */,
				049FCFB91D43B90400C11E32 /* AppDelegate.m */,
				049FCFBB1D43B90400C11E32 /* ViewController.h */,
				049FCFBC1D43B90400C11E32 /* ViewController.m */,
				049FCFC11D43B90400C11E32 /* Assets.xcassets */,
				049FCFC31D43B90400C11E32 /* LaunchScreen.storyboard */,
				049FCFC61D43B90400C11E32 /* Info.plist */,
				049FCFB51D43B90400C11E32 /* Supporting Files */,
			);
			path = gcd_demo;
			sourceTree = "<group>";
		};
		049FCFB51D43B90400C11E32 /* Supporting Files */ = {
			isa = PBXGroup;
			children = (
				049FCFB61D43B90400C11E32 /* main.m */,
			);
			name = "Supporting Files";
			sourceTree = "<group>";
		};
/* End PBXGroup section */

/* Begin PBXNativeTarget section */
		049FCFB11D43B90400C11E32 /* gcd_demo */ = {
			isa = PBXNativeTarget;
			buildConfigurationList = 049FCFC91D43B90400C11E32 /* Build configuration list for PBXNativeTarget "gcd_demo" */;
			buildPhases = (
				049FCFAE1D43B90400C11E32 /* Sources */,
				049FCFAF1D43B90400C11E32 /* Frameworks */,
				049FCFB01D43B90400C11E32 /* Resources */,
			);
			buildRules = (
			);
			dependencies = (
			);
			name = gcd_demo;
			productName = gcd_demo;
			productReference = 049FCFB21D43B90400C11E32 /* gcd_demo.app */;
			productType = "com.apple.product-type.application";
		};
/* End PBXNativeTarget section */

/* Begin PBXProject section */
		049FCFAA1D43B90400C11E32 /* Project object */ = {
			isa = PBXProject;
			attributes = {
				LastUpgradeCheck = 0730;
				ORGANIZATIONNAME = kevingao;
				TargetAttributes = {
					049FCFB11D43B90400C11E32 = {
						CreatedOnToolsVersion = 7.3.1;
					};
				};
			};
			buildConfigurationList = 049FCFAD1D43B90400C11E32 /* Build configuration list for PBXProject "gcd_demo" */;
			compatibilityVersion = "Xcode 3.2";
			developmentRegion = English;
			hasScannedForEncodings = 0;
			knownRegions = (
				en,
				Base,
			);
			mainGroup = 049FCFA91D43B90400C11E32;
			productRefGroup = 049FCFB31D43B90400C11E32 /* Products */;
			projectDirPath = "";
			projectRoot = "";
			targets = (
				049FCFB11D43B90400C11E32 /* gcd_demo */,
			);
		};
/* End PBXProject section */

/* Begin PBXResourcesBuildPhase section */
		049FCFB01D43B90400C11E32 /* Resources */ = {
			isa = PBXResourcesBuildPhase;
			buildActionMask = 2147483647;
			files = (
				049FCFC51D43B90400C11E32 /* LaunchScreen.storyboard in Resources */,
				049FCFC21D43B90400C11E32 /* Assets.xcassets in Resources */,
			);
			runOnlyForDeploymentPostprocessing = 0;
		};
/* End PBXResourcesBuildPhase section */

/* Begin PBXSourcesBuildPhase section */
		049FCFAE1D43B90400C11E32 /* Sources */ = {
			isa = PBXSourcesBuildPhase;
			buildActionMask = 2147483647;
			files = (
				049FCFBD1D43B90400C11E32 /* ViewController.m in Sources */,
				049FCFBA1D43B90400C11E32 /* AppDelegate.m in Sources */,
				049FCFB71D43B90400C11E32 /* main.m in Sources */,
			);
			runOnlyForDeploymentPostprocessing = 0;
		};
/* End PBXSourcesBuildPhase section */

/* Begin PBXVariantGroup section */
		049FCFC31D43B90400C11E32 /* LaunchScreen.storyboard */ = {
			isa = PBXVariantGroup;
			children = (
				049FCFC41D43B90400C11E32 /* Base */,
			);
			name = LaunchScreen.storyboard;
			sourceTree = "<group>";
		};
/* End PBXVariantGroup section */

/* Begin XCBuildConfiguration section */
		049FCFC71D43B90400C11E32 /* Debug */ = {
			isa = XCBuildConfiguration;
			buildSettings = {
				ALWAYS_SEARCH_USER_PATHS = NO;
				CLANG_ANALYZER_NONNULL = YES;
				CLANG_CXX_LANGUAGE_STANDARD = "gnu++0x";
				CLANG_CXX_LIBRARY = "libc++";
				CLANG_ENABLE_MODULES = YES;
				CLANG_ENABLE_OBJC_ARC = YES;
				CLANG_WARN_BOOL_CONVERSION = YES;
				CLANG_WARN_CONSTANT_CONVERSION = YES;
				CLANG_WARN_DIRECT_OBJC_ISA_USAGE = YES_ERROR;
				CLANG_WARN_EMPTY_BODY = YES;
				CLANG_WARN_ENUM_CONVERSION = YES;
				CLANG_WARN_INT_CONVERSION = YES;
				CLANG_WARN_OBJC_ROOT_CLASS = YES_ERROR;
				CLANG_WARN_UNREACHABLE_CODE = YES;
				CLANG_WARN__DUPLICATE_METHOD_MATCH = YES;
				"CODE_SIGN_IDENTITY[sdk=iphoneos*]" = "iPhone Developer";
				COPY_PHASE_STRIP = NO;
				DEBUG_INFORMATION_FORMAT = dwarf;
				ENABLE_STRICT_OBJC_MSGSEND = YES;
				ENABLE_TESTABILITY = YES;
				GCC_C_LANGUAGE_STANDARD = gnu99;
				GCC_DYNAMIC_NO_PIC = NO;
				GCC_NO_COMMON_BLOCKS = YES;
				GCC_OPTIMIZATION_LEVEL = 0;
				GCC_PREPROCESSOR_DEFINITIONS = (
					"DEBUG=1",
					"$(inherited)",
				);
				GCC_WARN_64_TO_32_BIT_CONVERSION = YES;
				GCC_WARN_ABOUT_RETURN_TYPE = YES_ERROR;
				GCC_WARN_UNDECLARED_SELECTOR = YES;
				GCC_WARN_UNINITIALIZED_AUTOS = YES_AGGRESSIVE;
				GCC_WARN_UNUSED_FUNCTION = YES;
				GCC_WARN_UNUSED_VARIABLE = YES;
				IPHONEOS_DEPLOYMENT_TARGET = 9.3;
				MTL_ENABLE_DEBUG_INFO = YES;
				ONLY_ACTIVE_ARCH = YES;
				SDKROOT = iphoneos;
			};
			name = Debug;
		};
		049FCFC81D43B90400C11E32 /* Release */ = {
			isa = XCBuildConfiguration;
			buildSettings = {
				ALWAYS_SEARCH_USER_PATHS = NO;
				CLANG_ANALYZER_NONNULL = YES;
				CLANG_CXX_LANGUAGE_STANDARD = "gnu++0x";
				CLANG_CXX_LIBRARY = "libc++";
				CLANG_ENABLE_MODULES = YES;
				CLANG_ENABLE_OBJC_ARC = YES;
				CLANG_WARN_BOOL_CONVERSION = YES;
				CLANG_WARN_CONSTANT_CONVERSION = YES;
				CLANG_WARN_DIRECT_OBJC_ISA_USAGE = YES_ERROR;
				CLANG_WARN_EMPTY_BODY = YES;
				CLANG_WARN_ENUM_CONVERSION = YES;
				CLANG_WARN_INT_CONVERSION = YES;
				CLANG_WARN_OBJC_ROOT_CLASS = YES_ERROR;
				CLANG_WARN_UNREACHABLE_CODE = YES;
				CLANG_WARN__DUPLICATE_METHOD_MATCH = YES;
				"CODE_SIGN_IDENTITY[sdk=iphoneos*]" = "iPhone Developer";
				COPY_PHASE_STRIP = NO;
				DEBUG_INFORMATION_FORMAT = "dwarf-with-dsym";
				ENABLE_NS_ASSERTIONS = NO;
				ENABLE_STRICT_OBJC_MSGSEND = YES;
				GCC_C_LANGUAGE_STANDARD = gnu99;
				GCC_NO_COMMON_BLOCKS = YES;
				GCC_WARN_64_TO_32_BIT_CONVERSION = YES;
				GCC_WARN_ABOUT_RETURN_TYPE = YES_ERROR;
				GCC_WARN_UNDECLARED_SELECTOR = YES;
				GCC_WARN_UNINITIALIZED_AUTOS = YES_AGGRESSIVE;
				GCC_WARN_UNUSED_FUNCTION = YES;
				GCC_WARN_UNUSED_VARIABLE = YES;
				IPHONEOS_DEPLOYMENT_TARGET = 9.3;
				MTL_ENABLE_DEBUG_INFO = NO;
				SDKROOT = iphoneos;
				VALIDATE_PRODUCT = YES;
			};
			name = Release;
		};
		049FCFCA1D43B90400C11E32 /* Debug */ = {
			isa = XCBuildConfiguration;
			buildSettings = {
				ASSETCATALOG_COMPILER_APPICON_NAME = AppIcon;
				INFOPLIST_FILE = gcd_demo/Info.plist;
				IPHONEOS_DEPLOYMENT_TARGET = 7.0;
				LD_RUNPATH_SEARCH_PATHS = "$(inherited) @executable_path/Frameworks";
				PRODUCT_BUNDLE_IDENTIFIER = "com.yunfan.gcd-demo";
				PRODUCT_NAME = "$(TARGET_NAME)";
			};
			name = Debug;
		};
		049FCFCB1D43B90400C11E32 /* Release */ = {
			isa = XCBuildConfiguration;
			buildSettings = {
				ASSETCATALOG_COMPILER_APPICON_NAME = AppIcon;
				INFOPLIST_FILE = gcd_demo/Info.plist;
				IPHONEOS_DEPLOYMENT_TARGET = 7.0;
				LD_RUNPATH_SEARCH_PATHS = "$(inherited) @executable_path/Frameworks";
				PRODUCT_BUNDLE_IDENTIFIER = "com.yunfan.gcd-demo";
				PRODUCT_NAME = "$(TARGET_NAME)";
			};
			name = Release;
		};
/* End XCBuildConfiguration section */

/* Begin XCConfigurationList section */
		049FCFAD1D43B90400C11E32 /* Build configuration list for PBXProject "gcd_demo" */ = {
			isa = XCConfigurationList;
			buildConfigurations = (
				049FCFC71D43B90400C11E32 /* Debug */,
				049FCFC81D43B90400C11E32 /* Release */,
			);
			defaultConfigurationIsVisible = 0;
			defaultConfigurationName = Release;
		};
		049FCFC91D43B90400C11E32 /* Build configuration list for PBXNativeTarget "gcd_demo" */ = {
			isa = XCConfigurationList;
			buildConfigurations = (
				049FCFCA1D43B90400C11E32 /* Debug */,
				049FCFCB1D43B90400C11E32 /* Release */,
			);
			defaultConfigurationIsVisible = 0;
		};
/* End XCConfigurationList section */
	};
	rootObject = 049FCFAA1D43B90400C11E32 /* Project object */;
}
